
Microsoft Visual Studio Solution File, Format Version 12.00
# Visual Studio Version 16
VisualStudioVersion = 16.0.31313.79
MinimumVisualStudioVersion = 10.0.40219.1
Project("{FAE04EC0-301F-11D3-BF4B-00C04F79EFBC}") = "Demo_heritage", "Demo_heritage\Demo_heritage.csproj", "{C7D69730-1CAD-4096-8B90-49662D1410AD}"
EndProject
Project("{FAE04EC0-301F-11D3-BF4B-00C04F79EFBC}") = "Demo_heritage_program", "Demo_heritage_program\Demo_heritage_program.csproj", "{7704F82A-AC39-4485-8C94-7272F3C14106}"
EndProject
Global
	GlobalSection(SolutionConfigurationPlatforms) = preSolution
		Debug|Any CPU = Debug|Any CPU
		Release|Any CPU = Release|Any CPU
	EndGlobalSection
	GlobalSection(ProjectConfigurationPlatforms) = postSolution
		{C7D69730-1CAD-4096-8B90-49662D1410AD}.Debug|Any CPU.ActiveCfg = Debug|Any CPU
		{C7D69730-1CAD-4096-8B90-49662D1410AD}.Debug|Any CPU.Build.0 = Debug|Any CPU
		{C7D69730-1CAD-4096-8B90-49662D1410AD}.Release|Any CPU.ActiveCfg = Release|Any CPU
		{C7D69730-1CAD-4096-8B90-49662D1410AD}.Release|Any CPU.Build.0 = Release|Any CPU
		{7704F82A-AC39-4485-8C94-7272F3C14106}.Debug|Any CPU.ActiveCfg = Debug|Any CPU
		{7704F82A-AC39-4485-8C94-7272F3C14106}.Debug|Any CPU.Build.0 = Debug|Any CPU
		{7704F82A-AC39-4485-8C94-7272F3C14106}.Release|Any CPU.ActiveCfg = Release|Any CPU
		{7704F82A-AC39-4485-8C94-7272F3C14106}.Release|Any CPU.Build.0 = Release|Any CPU
	EndGlobalSection
	GlobalSection(SolutionProperties) = preSolution
		HideSolutionNode = FALSE
	EndGlobalSection
	GlobalSection(ExtensibilityGlobals) = postSolution
		SolutionGuid = {36294895-0102-4ADF-95A8-C91F55362A86}
	EndGlobalSection
EndGlobal
